
Microsoft Visual Studio Solution File, Format Version 12.00
# Visual Studio Version 16
VisualStudioVersion = 16.0.34031.81
MinimumVisualStudioVersion = 10.0.40219.1
Project("{FAE04EC0-301F-11D3-BF4B-00C04F79EFBC}") = "YeniCeviri", "YeniCeviri\YeniCeviri.csproj", "{C82ED373-A28C-48A8-9FCD-0BDF57D410EF}"
EndProject
Global
	GlobalSection(SolutionConfigurationPlatforms) = preSolution
		Debug|Any CPU = Debug|Any CPU
		Release|Any CPU = Release|Any CPU
	EndGlobalSection
	GlobalSection(ProjectConfigurationPlatforms) = postSolution
		{C82ED373-A28C-48A8-9FCD-0BDF57D410EF}.Debug|Any CPU.ActiveCfg = Debug|Any CPU
		{C82ED373-A28C-48A8-9FCD-0BDF57D410EF}.Debug|Any CPU.Build.0 = Debug|Any CPU
		{C82ED373-A28C-48A8-9FCD-0BDF57D410EF}.Release|Any CPU.ActiveCfg = Release|Any CPU
		{C82ED373-A28C-48A8-9FCD-0BDF57D410EF}.Release|Any CPU.Build.0 = Release|Any CPU
	EndGlobalSection
	GlobalSection(SolutionProperties) = preSolution
		HideSolutionNode = FALSE
	EndGlobalSection
	GlobalSection(ExtensibilityGlobals) = postSolution
		SolutionGuid = {B7A7A9A8-2BC0-4EA4-B53B-075E7A402122}
	EndGlobalSection
EndGlobal
